{
  "name": "travel-ben-bulgaria",
  "version": "1.0.0",
  "lockfileVersion": 3,
  "requires": true,
  "packages": {
    "": {
      "name": "travel-ben-bulgaria",
      "version": "1.0.0",
      "dependencies": {
        "next": "16.3.0",
        "react": "19.2.6",
        "react-dom": "19.2.6"
      },
      "devDependencies": {
        "@types/node": "22.19.19",
        "@types/react": "19.2.14",
        "@types/react-dom": "19.2.3",
        "typescript": "5.9.3"
      }
    },
    "node_modules/@emnapi/runtime": {
      "version": "1.11.3",
      "resolved": "https://registry.npmjs.org/@emnapi/runtime/-/runtime-1.11.3.tgz",
      "integrity": "sha512-Xz4Tpyki7XyrpbUK1jR1AhdAdaXyhhY4lZ3neLodmhpuWfy2PAQN5B46sAiU4liOXGLkHypn/qU+jvfWSCYYLA==",
      "license": "MIT",
      "optional": true,
      "dependencies": {
        "tslib": "^2.4.0"
      }
    },
    "node_modules/@img/colour": {
      "version": "1.1.0",
      "resolved": "https://registry.npmjs.org/@img/colour/-/colour-1.1.0.tgz",
      "integrity": "sha512-Td76q7j57o/tLVdgS746cYARfSyxk8iEfRxewL9h4OMzYhbW4TAcppl0mT4eyqXddh6L/jwoM75mo7ixa/pCeQ==",
      "license": "MIT",
      "optional": true,
      "engines": {
        "node": ">=18"
      }
    },
    "node_modules/@img/sharp-darwin-arm64": {
      "version": "0.35.3",
      "resolved": "https://registry.npmjs.org/@img/sharp-darwin-arm64/-/sharp-darwin-arm64-0.35.3.tgz",
      "integrity": "sha512-RMnFX7YQsMoh7lWfcM4NEHHymBX/rLuKNPVM84XE9ONPcaSCDgE7CHIHpSgPcO2xcRthgBy1HfNO319mwhIAkg==",
      "cpu": [
        "arm64"
      ],
      "license": "Apache-2.0",
      "optional": true,
      "os": [
        "darwin"
      ],
      "engines": {
        "node": ">=20.9.0"
      },
      "funding": {
        "url": "https://opencollective.com/libvips"
      },
      "optionalDependencies": {
        "@img/sharp-libvips-darwin-arm64": "1.3.2"
      }
    },
    "node_modules/@img/sharp-darwin-x64": {
      "version": "0.35.3",
      "resolved": "https://registry.npmjs.org/@img/sharp-darwin-x64/-/sharp-darwin-x64-0.35.3.tgz",
      "integrity": "sha512-Xo+5uFBtLN0BKqieTxiFzFPQAUlBbbH5iBKyRX/z1JrbnYsHTfKJnUfL8+p2TPXr1pXqao4eeL4Rl144uDpK9w==",
      "cpu": [
        "x64"
      ],
      "license": "Apache-2.0",
      "optional": true,
      "os": [
        "darwin"
      ],
      "engines": {
        "node": ">=20.9.0"
      },
      "funding": {
        "url": "https://opencollective.com/libvips"
      },
      "optionalDependencies": {
        "@img/sharp-libvips-darwin-x64": "1.3.2"
      }
    },
    "node_modules/@img/sharp-freebsd-wasm32": {
      "version": "0.35.3",
      "resolved": "https://registry.npmjs.org/@img/sharp-freebsd-wasm32/-/sharp-freebsd-wasm32-0.35.3.tgz",
      "integrity": "sha512-lUxcqWIj2wMQ9BrwNjngcr1gWUr5xgaGThBRqPPalIC2n67Cqj1uPh8NnA/ZhAg8hUbKl+kVHKwgUIwe6ZYPrg==",
      "license": "Apache-2.0",
      "optional": true,
      "os": [
        "freebsd"
      ],
      "dependencies": {
        "@img/sharp-wasm32": "0.35.3"
      },
      "engines": {
        "node": ">=20.9.0"
      },
      "funding": {
        "url": "https://opencollective.com/libvips"
      }
    },
    "node_modules/@img/sharp-libvips-darwin-arm64": {
      "version": "1.3.2",
      "resolved": "https://registry.npmjs.org/@img/sharp-libvips-darwin-arm64/-/sharp-libvips-darwin-arm64-1.3.2.tgz",
      "integrity": "sha512-9J6ypZFpQBj4YnePGoq/S38w6nz+vqg5WZLrLGY4YuSemdMq47GMLBPO42MzwdGwpg/agZ7xzZcFHa48xlywfg==",
      "cpu": [
        "arm64"
      ],
      "license": "LGPL-3.0-or-later",
      "optional": true,
      "os": [
        "darwin"
      ],
      "funding": {
        "url": "https://opencollective.com/libvips"
      }
    },
    "node_modules/@img/sharp-libvips-darwin-x64": {
      "version": "1.3.2",
      "resolved": "https://registry.npmjs.org/@img/sharp-libvips-darwin-x64/-/sharp-libvips-darwin-x64-1.3.2.tgz",
      "integrity": "sha512-m2pW1n6cns9VaubNwsZ+c3CRYjxNQWgJ5gPlnL1nbBcpkBvFm6SCFN5o0psFHI8w9n11NKhFkeEDns98tiqbEw==",
      "cpu": [
        "x64"
      ],
      "license": "LGPL-3.0-or-later",
      "optional": true,
      "os": [
        "darwin"
      ],
      "funding": {
        "url": "https://opencollective.com/libvips"
      }
    },
    "node_modules/@img/sharp-libvips-linux-arm": {
      "version": "1.3.2",
      "resolved": "https://registry.npmjs.org/@img/sharp-libvips-linux-arm/-/sharp-libvips-linux-arm-1.3.2.tgz",
      "integrity": "sha512-1eMLzy92I4J6rmi4mAT8yC3HxOtniyGELlzGbNMLLeqe052ahFQ0h6LFq+lh5DsDIdYViIDst08abvSbcEdLXQ==",
      "cpu": [
        "arm"
      ],
      "libc": [
        "glibc"
      ],
      "license": "LGPL-3.0-or-later",
      "optional": true,
      "os": [
        "linux"
      ],
      "funding": {
        "url": "https://opencollective.com/libvips"
      }
    },
    "node_modules/@img/sharp-libvips-linux-arm64": {
      "version": "1.3.2",
      "resolved": "https://registry.npmjs.org/@img/sharp-libvips-linux-arm64/-/sharp-libvips-linux-arm64-1.3.2.tgz",
      "integrity": "sha512-dqVSFynCox4C/J8kT16V7SIFAns0IjgLwkvYT7p8LQVmJ5OS5b6tI9IGflxTeuBS//zXeFIUbwt5dwxyZ17cnA==",
      "cpu": [
        "arm64"
      ],
      "libc": [
        "glibc"
      ],
      "license": "LGPL-3.0-or-later",
      "optional": true,
      "os": [
        "linux"
      ],
      "funding": {
        "url": "https://opencollective.com/libvips"
      }
    },
    "node_modules/@img/sharp-libvips-linux-ppc64": {
      "version": "1.3.2",
      "resolved": "https://registry.npmjs.org/@img/sharp-libvips-linux-ppc64/-/sharp-libvips-linux-ppc64-1.3.2.tgz",
      "integrity": "sha512-3z0NHDxD6n5I9gc05U1eW1AyRm+Gznzq3naMrthPNqE6oYykcogW0l/jfpJdjYnuNl8R7yI9pNbE1XiUeyq0Aw==",
      "cpu": [
        "ppc64"
      ],
      "libc": [
        "glibc"
      ],
      "license": "LGPL-3.0-or-later",
      "optional": true,
      "os": [
        "linux"
      ],
      "funding": {
        "url": "https://opencollective.com/libvips"
      }
    },
    "node_modules/@img/sharp-libvips-linux-riscv64": {
      "version": "1.3.2",
      "resolved": "https://registry.npmjs.org/@img/sharp-libvips-linux-riscv64/-/sharp-libvips-linux-riscv64-1.3.2.tgz",
      "integrity": "sha512-bsb4rI+NldGOsXuej2r8OdSS8+zXDVaCWxyWrcv6kneTOlgAHtZABRzBBCwdsPiD90J4myNJuHpg6kA20ImW/w==",
      "cpu": [
        "riscv64"
      ],
      "libc": [
        "glibc"
      ],
      "license": "LGPL-3.0-or-later",
      "optional": true,
      "os": [
        "linux"
      ],
      "funding": {
        "url": "https://opencollective.com/libvips"
      }
    },
    "node_modules/@img/sharp-libvips-linux-s390x": {
      "version": "1.3.2",
      "resolved": "https://registry.npmjs.org/@img/sharp-libvips-linux-s390x/-/sharp-libvips-linux-s390x-1.3.2.tgz",
      "integrity": "sha512-/ABshyj8gCpyIrNXnHn4LorDJ0HHm1VhXPBlxZ8zAtfVPAaSafXPGn+sUSIRiwaSBy0mmFjSjiXI5mkcwdChKQ==",
      "cpu": [
        "s390x"
      ],
      "libc": [
        "glibc"
      ],
      "license": "LGPL-3.0-or-later",
      "optional": true,
      "os": [
        "linux"
      ],
      "funding": {
        "url": "https://opencollective.com/libvips"
      }
    },
    "node_modules/@img/sharp-libvips-linux-x64": {
      "version": "1.3.2",
      "resolved": "https://registry.npmjs.org/@img/sharp-libvips-linux-x64/-/sharp-libvips-linux-x64-1.3.2.tgz",
      "integrity": "sha512-ITPEtgffGJ0S6G9dRyw/366tJQqFRcHWPHhC+Stpg3Z8AEMrDrTr2lhdz4f/Y/HMbRh//7Z5mBzEpVdi62Oc3w==",
      "cpu": [
        "x64"
      ],
      "libc": [
        "glibc"
      ],
      "license": "LGPL-3.0-or-later",
      "optional": true,
      "os": [
        "linux"
      ],
      "funding": {
        "url": "https://opencollective.com/libvips"
      }
    },
    "node_modules/@img/sharp-libvips-linuxmusl-arm64": {
      "version": "1.3.2",
      "resolved": "https://registry.npmjs.org/@img/sharp-libvips-linuxmusl-arm64/-/sharp-libvips-linuxmusl-arm64-1.3.2.tgz",
      "integrity": "sha512-zE9EdiUzUmg5mDT5a1rk5fYJ6GWPloTwWBYDS14naqHsL+EaMpDj1AWnpLgh3u0YCORv2Tt50wrcrpYqkP97Kw==",
      "cpu": [
        "arm64"
      ],
      "libc": [
        "musl"
      ],
      "license": "LGPL-3.0-or-later",
      "optional": true,
      "os": [
        "linux"
      ],
      "funding": {
        "url": "https://opencollective.com/libvips"
      }
    },
    "node_modules/@img/sharp-libvips-linuxmusl-x64": {
      "version": "1.3.2",
      "resolved": "https://registry.npmjs.org/@img/sharp-libvips-linuxmusl-x64/-/sharp-libvips-linuxmusl-x64-1.3.2.tgz",
      "integrity": "sha512-m0lrLiUt+lBYnCFr8qV/65yMR4E/c7/wf78I5eKTdkEakFAlZ9QlzEM3QIhhAwVeUhLAHLcCq7a7Vszq/oFNZQ==",
      "cpu": [
        "x64"
      ],
      "libc": [
        "musl"
      ],
      "license": "LGPL-3.0-or-later",
      "optional": true,
      "os": [
        "linux"
      ],
      "funding": {
        "url": "https://opencollective.com/libvips"
      }
    },
    "node_modules/@img/sharp-linux-arm": {
      "version": "0.35.3",
      "resolved": "https://registry.npmjs.org/@img/sharp-linux-arm/-/sharp-linux-arm-0.35.3.tgz",
      "integrity": "sha512-affVWCTLooy8TSxbDx2qkzuDeaWLNVBA+P//FNBirHsXpP2fuBhk5AuboYUnrDnzoXes8GFjpTx0SBFOCRg+FA==",
      "cpu": [
        "arm"
      ],
      "libc": [
        "glibc"
      ],
      "license": "Apache-2.0",
      "optional": true,
      "os": [
        "linux"
      ],
      "engines": {
        "node": ">=20.9.0"
      },
      "funding": {
        "url": "https://opencollective.com/libvips"
      },
      "optionalDependencies": {
        "@img/sharp-libvips-linux-arm": "1.3.2"
      }
    },
    "node_modules/@img/sharp-linux-arm64": {
      "version": "0.35.3",
      "resolved": "https://registry.npmjs.org/@img/sharp-linux-arm64/-/sharp-linux-arm64-0.35.3.tgz",
      "integrity": "sha512-QgKDspHPnrU+GQ55XPhGwyhC8acLVOOSyAvo1oVfFmrIXLkDNmGWzAfDZ4xK8oSA1qBQrALcHX0G5UZni/SuFQ==",
      "cpu": [
        "arm64"
      ],
      "libc": [
        "glibc"
      ],
      "license": "Apache-2.0",
      "optional": true,
      "os": [
        "linux"
      ],
      "engines": {
        "node": ">=20.9.0"
      },
      "funding": {
        "url": "https://opencollective.com/libvips"
      },
      "optionalDependencies": {
        "@img/sharp-libvips-linux-arm64": "1.3.2"
      }
    },
    "node_modules/@img/sharp-linux-ppc64": {
      "version": "0.35.3",
      "resolved": "https://registry.npmjs.org/@img/sharp-linux-ppc64/-/sharp-linux-ppc64-0.35.3.tgz",
      "integrity": "sha512-sMd8rDxmpLOwv/7N44klFjOD5DUO7FLdjiXDI0hoxYaf7Ar262dQIEkosE98bps+5HPLtp/EvNqeqQtOycP/IA==",
      "cpu": [
        "ppc64"
      ],
      "libc": [
        "glibc"
      ],
      "license": "Apache-2.0",
      "optional": true,
      "os": [
        "linux"
      ],
      "engines": {
        "node": ">=20.9.0"
      },
      "funding": {
        "url": "https://opencollective.com/libvips"
      },
      "optionalDependencies": {
        "@img/sharp-libvips-linux-ppc64": "1.3.2"
      }
    },
    "node_modules/@img/sharp-linux-riscv64": {
      "version": "0.35.3",
      "resolved": "https://registry.npmjs.org/@img/sharp-linux-riscv64/-/sharp-linux-riscv64-0.35.3.tgz",
      "integrity": "sha512-0Eob78yjlYPfL5vMNWAW55l3R9Y6BQS/gOfe0ZcP9mEz9ohhKSt4im1hayiknXgf8AWrFqMvJcKIdmLmEe7yeQ==",
      "cpu": [
        "riscv64"
      ],
      "libc": [
        "glibc"
      ],
      "license": "Apache-2.0",
      "optional": true,
      "os": [
        "linux"
      ],
      "engines": {
        "node": ">=20.9.0"
      },
      "funding": {
        "url": "https://opencollective.com/libvips"
      },
      "optionalDependencies": {
        "@img/sharp-libvips-linux-riscv64": "1.3.2"
      }
    },
    "node_modules/@img/sharp-linux-s390x": {
      "version": "0.35.3",
      "resolved": "https://registry.npmjs.org/@img/sharp-linux-s390x/-/sharp-linux-s390x-0.35.3.tgz",
      "integrity": "sha512-KgAxQ0DxpNOq1rG2t5cgTgShJFGSuU7XO45cqC+1NVOuZnP6tlgZRuSYOfNupGkHID0o3cJOsw4DVeJpMovcGw==",
      "cpu": [
        "s390x"
      ],
      "libc": [
        "glibc"
      ],
      "license": "Apache-2.0",
      "optional": true,
      "os": [
        "linux"
      ],
      "engines": {
        "node": ">=20.9.0"
      },
      "funding": {
        "url": "https://opencollective.com/libvips"
      },
      "optionalDependencies": {
        "@img/sharp-libvips-linux-s390x": "1.3.2"
      }
    },
    "node_modules/@img/sharp-linux-x64": {
      "version": "0.35.3",
      "resolved": "https://registry.npmjs.org/@img/sharp-linux-x64/-/sharp-linux-x64-0.35.3.tgz",
      "integrity": "sha512-8pqvxubL2PGdhlPy6GLqzDYMUjyRmKAwKHYKixpdJYBUK7PJ0C029XdsnpFIdgRZG68fZiGdHVWcKPvtiPB4cA==",
      "cpu": [
        "x64"
      ],
      "libc": [
        "glibc"
      ],
      "license": "Apache-2.0",
      "optional": true,
      "os": [
        "linux"
      ],
      "engines": {
        "node": ">=20.9.0"
      },
      "funding": {
        "url": "https://opencollective.com/libvips"
      },
      "optionalDependencies": {
        "@img/sharp-libvips-linux-x64": "1.3.2"
      }
    },
    "node_modules/@img/sharp-linuxmusl-arm64": {
      "version": "0.35.3",
      "resolved": "https://registry.npmjs.org/@img/sharp-linuxmusl-arm64/-/sharp-linuxmusl-arm64-0.35.3.tgz",
      "integrity": "sha512-Vz0iQjzzcSX3HCbfwFfCSG/9SCIqyO0mH2sXyiHaAYfBk0cRsCWXRyQYX0ovCK/PAQBbTzQ0dsPQHh5MAFL59w==",
      "cpu": [
        "arm64"
      ],
      "libc": [
        "musl"
      ],
      "license": "Apache-2.0",
      "optional": true,
      "os": [
        "linux"
      ],
      "engines": {
        "node": ">=20.9.0"
      },
      "funding": {
        "url": "https://opencollective.com/libvips"
      },
      "optionalDependencies": {
        "@img/sharp-libvips-linuxmusl-arm64": "1.3.2"
      }
    },
    "node_modules/@img/sharp-linuxmusl-x64": {
      "version": "0.35.3",
      "resolved": "https://registry.npmjs.org/@img/sharp-linuxmusl-x64/-/sharp-linuxmusl-x64-0.35.3.tgz",
      "integrity": "sha512-6O1NPKcDVj9QEdg7Hx549EX8U0rp6yXQERqru6yRN7fGBn32UvIRJUlWnk+8xDCiG76hXVBbX82NZ/ZKr0euIg==",
      "cpu": [
        "x64"
      ],
      "libc": [
        "musl"
      ],
      "license": "Apache-2.0",
      "optional": true,
      "os": [
        "linux"
      ],
      "engines": {
        "node": ">=20.9.0"
      },
      "funding": {
        "url": "https://opencollective.com/libvips"
      },
      "optionalDependencies": {
        "@img/sharp-libvips-linuxmusl-x64": "1.3.2"
      }
    },
    "node_modules/@img/sharp-wasm32": {
      "version": "0.35.3",
      "resolved": "https://registry.npmjs.org/@img/sharp-wasm32/-/sharp-wasm32-0.35.3.tgz",
      "integrity": "sha512-cZ0XkcYGpHZkqW6iCkqTcmUC0CD9DhD5d/qeZlZkfRBn6GnHniZXLUo5+9xw8Iv76YE6LQFN9YNBlKREcCG76w==",
      "license": "Apache-2.0 AND LGPL-3.0-or-later AND MIT",
      "optional": true,
      "dependencies": {
        "@emnapi/runtime": "^1.11.1"
      },
      "engines": {
        "node": ">=20.9.0"
      },
      "fundin×u¶‰žËkºwµç@€€€€€‰¹½‘”ˆè€ˆøô€ÄÀˆ(€€€€€ô(€€€ô°(€€€€‰¹½‘•}µ½‘Õ±•Ì½¹•áÐ½ÍÝŒµ±¥¹Õàµ…É´ØÐµµÕÍ°ˆèì(€€€€€€‰Ù•ÉÍ¥½¸ˆè€ˆÄØ¸Ì¸Àˆ°(€€€€€€‰É•Í½±Ù•ˆè€‰¡ÑÑÁÌè¼½É•¥ÍÑÉä¹¹Áµ©Ì¹½Éœ½¹•áÐ½ÍÝŒµ±¥¹Õàµ…É´ØÐµµÕÍ°¼´½ÍÝŒµ±¥¹Õàµ…É´ØÐµµÕÍ°´ÄØ¸Ì¸À¹Ñèˆ°(€€€€€€‰¥¹Ñ•É¥Ñäˆè€‰Í¡„ÔÄÈµÑaa-)ÜÁ´ÌÝ<Á•-)IYQ`½Q¡•-A¡èÁEYÑYYiaµ=¥œ¬åe-1E=M@Ù¡Ù˜ÉÁáØÕ<Ý1)åQ!àÍAœÀÐÍE­ØÅÑDôôˆ°(€€€€€€‰ÁÔˆèl(€€€€€€€€‰…É´ØÐˆ(€€€€€t°(€€€€€€‰±¥‰Œˆèl(€€€€€€€€‰µÕÍ°ˆ(€€€€€t°(€€€€€€‰±¥•¹Í”ˆè€‰5%Pˆ°(€€€€€€‰½ÁÑ¥½¹…°ˆèÑÉÕ”°(€€€€€€‰½Ìˆèl(€€€€€€€€‰±¥¹Õàˆ(€€€€€t°(€€€€€€‰•¹¥¹•Ìˆèì(€€€€€€€€‰¹½‘”ˆè€ˆøô€ÄÀˆ(€€€€€ô(€€€ô°(€€€€‰¹½‘•}µ½‘Õ±•Ì½¹•áÐ½ÍÝŒµ±¥¹ÕàµàØÐµ¹Ôˆèì(€€€€€€‰Ù•ÉÍ¥½¸ˆè€ˆÄØ¸Ì¸Àˆ°(€€€€€€‰É•Í½±Ù•ˆè€‰¡ÑÑÁÌè¼½É•¥ÍÑÉä¹¹Áµ©Ì¹½Éœ½¹•áÐ½ÍÝŒµ±¥¹ÕàµàØÐµ¹Ô¼´½ÍÝŒµ±¥¹ÕàµàØÐµ¹Ô´ÄØ¸Ì¸À¹Ñèˆ°(€€€€€€‰¥¹Ñ•É¥Ñäˆè€‰Í¡„ÔÄÈµÁ©á,ÕdÝå]µ°Üá1•©­]µ!ÍTÝÝ‰EÉ%M¥ÕÁ Ù‰U)¡ÙÜÍáh½	Ñ1°ÝEÑ0Á]‘E-¥å•](Íµ=-QÕ­!Üôôˆ°(€€€€€€‰ÁÔˆèl(€€€€€€€€‰àØÐˆ(€€€€€t°(€€€€€€‰±¥‰Œˆèl(€€€€€€€€‰±¥‰Œˆ(€€€€€t°(€€€€€€‰±¥•¹Í”ˆè€‰5%Pˆ°(€€€€€€‰½ÁÑ¥½¹…°ˆèÑÉÕ”°(€€€€€€‰½Ìˆèl(€€€€€€€€‰±¥¹Õàˆ(€€€€€t°(€€€€€€‰•¹¥¹•Ìˆèì(€€€€€€€€‰¹½‘”ˆè€ˆøô€ÄÀˆ(€€€€€ô(€€€ô°(€€€€‰¹½‘•}µ½‘Õ±•Ì½¹•áÐ½ÍÝŒµ±¥¹ÕàµàØÐµµÕÍ°ˆèì(€€€€€€‰Ù•ÉÍ¥½¸ˆè€ˆÄØ¸Ì¸Àˆ°(€€€€€€‰É•Í½±Ù•ˆè€‰¡ÑÑÁÌè¼½É•¥ÍÑÉä¹¹Áµ©Ì¹½Éœ½¹•áÐ½ÍÝŒµ±¥¹ÕàµàØÐµµÕÍ°¼´½ÍÝŒµ±¥¹ÕàµàØÐµµÕÍ°´ÄØ¸Ì¸À¹Ñèˆ°(€€€€€€‰¥¹Ñ•É¥Ñäˆè€‰Í¡„ÔÄÈµÍ©¼¬­aà­±½µ±AÌÍ!IÍ!]¡YåÙµÌÅ­\ÕÑ!1I‘%$áåÅ¤­˜Ù…ÄØáá!I<Ù5±¡©Q9]	Mµ™)™Å´å½É˜Ýœôôˆ°(€€€€€€‰ÁÔˆèl(€€€€€€€€‰àØÐˆ(€€€€€t°(€€€€€€‰±¥‰Œˆèl(€€€€€€€€‰µÕÍ°ˆ(€€€€€t°(€€€€€€‰±¥•¹Í”ˆè€‰5%Pˆ°(€€€€€€‰½ÁÑ¥½¹…°ˆèÑÉÕ”°(€€€€€€‰½Ìˆèl(€€€€€€€€‰±¥¹Õàˆ(€€€€€t°(€€€€€€‰•¹¥¹•Ìˆèì(€€€€€€€€‰¹½‘”ˆè€ˆøô€ÄÀˆ(€€€€€ô(€€€ô°(€€€€‰¹½‘•}µ½‘Õ±•Ì½¹•áÐ½ÍÝŒµÝ¥¸ÌÈµ…É´ØÐµµÍÙŒˆèì(€€€€€€‰Ù•ÉÍ¥½¸ˆè€ˆÄØ¸Ì¸Àˆ°(€€€€€€‰É•Í½±Ù•ˆè€‰¡ÑÑÁÌè¼½É•¥ÍÑÉä¹¹Áµ©Ì¹½Éœ½¹•áÐ½ÍÝŒµÝ¥¸ÌÈµ…É´ØÐµµÍÙŒ¼´½ÍÝŒµÝ¥¸ÌÈµ…É´ØÐµµÍÙŒ´ÄØ¸Ì¸À¹Ñèˆ°(€€€€€€‰¥¹Ñ•É¥Ñäˆè€‰Í¡„ÔÄÈµÕ)M¥<ÔÑÝUI‘…á‘U%aÅ­èÀÑÕ5ÅåUµA`ÅÑÉX¼ÕQ˜ÅU½Ý‘]e$áÕÕ¡™‰A½±Q±ÀÁÄÑ-hØÁá±!•A9¥‰˜ÁY%Üôôˆ°(€€€€€€‰ÁÔˆèl(€€€€€€€€‰…É´ØÐˆ(€€€€€t°(€€€€€€‰±¥•¹Í”ˆè€‰5%Pˆ°(€€€€€€‰½ÁÑ¥½¹…°ˆèÑÉÕ”°(€€€€€€‰½Ìˆèl(€€€€€€€€‰Ý¥¸ÌÈˆ(€€€€€t°(€€€€€€‰•¹¥¹•Ìˆèì(€€€€€€€€‰¹½‘”ˆè€ˆøô€ÄÀˆ(€€€€€ô(€€€ô°(€€€€‰¹½‘•}µ½‘Õ±•Ì½¹•áÐ½ÍÝŒµÝ¥¸ÌÈµàØÐµµÍÙŒˆèì(€€€€€€‰Ù•ÉÍ¥½¸ˆè€ˆÄØ¸Ì¸Àˆ°(€€€€€€‰É•Í½±Ù•ˆè€‰¡ÑÑÁÌè¼½É•¥ÍÑÉä¹¹Áµ©Ì¹½Éœ½¹•áÐ½ÍÝŒµÝ¥¸ÌÈµàØÐµµÍÙŒ¼´½ÍÝŒµÝ¥¸ÌÈµàØÐµµÍÙŒ´ÄØ¸Ì¸À¹Ñèˆ°(€€€€€€‰¥¹Ñ•É¥Ñäˆè€‰Í¡„ÔÄÈµ™=ÍÝ•9ˆÕMMÜÁi-Y¬ÙT­áMå±%	d½1	ŒÅÈáU¨ÑÔ¼ÙÐÙ½É0­Aµ­œÁ5	¹ÍH­-­‘ÍUI¥±Y ÑÍaU•Áôôˆ°(€€€€€€‰ÁÔˆèl(€€€€€€€€‰àØÐˆ(€€€€€t°(€€€€€€‰±¥•¹Í”ˆè€‰5%Pˆ°(€€€€€€‰½ÁÑ¥½¹…°ˆèÑÉÕ”°(€€€€€€‰½Ìˆèl(€€€€€€€€‰Ý¥¸ÌÈˆ(€€€€€t°(€€€€€€‰•¹¥¹•Ìˆèì(€€€€€€€€‰¹½‘”ˆè€ˆøô€ÄÀˆ(€€€€€ô(€€€ô°(€€€€‰¹½‘•}µ½‘Õ±•Ì½ÍÝŒ½¡•±Á•ÉÌˆèì(€€€€€€‰Ù•ÉÍ¥½¸ˆè€ˆÀ¸Ô¸ÄÔˆ°(€€€€€€‰É•Í½±Ù•ˆè€‰¡ÑÑÁÌè¼½É•¥ÍÑÉä¹¹Áµ©Ì¹½Éœ½ÍÝŒ½¡•±Á•ÉÌ¼´½¡•±Á•ÉÌ´À¸Ô¸ÄÔ¹Ñèˆ°(€€€€€€‰¥¹Ñ•É¥Ñäˆè€‰Í¡„ÔÄÈµ)DÕQÕ5¤ÐÕ=Ý¤Ð½	%5)	½ME½=)ÔÄÉ½=¬½Å±U0å)‘!áÙå©UMÍáÅ•9a¹µa!©e-5¤É]eÑ•é¡ÅU$½Éœôôˆ°(€€€€€€‰±¥•¹Í”ˆè€‰Á…¡”´È¸Àˆ°(€€€€€€‰‘•Á•¹‘•¹¥•Ìˆèì(€€€€€€€€‰ÑÍ±¥ˆˆè€‰xÈ¸à¸Àˆ(€€€€€ô(€€€ô°(€€€€‰¹½‘•}µ½‘Õ±•Ì½ÑåÁ•Ì½¹½‘”ˆèì(€€€€€€‰Ù•ÉÍ¥½¸ˆè€ˆÈÈ¸Ää¸Ääˆ°(€€€€€€‰É•Í½±Ù•ˆè€‰¡ÑÑÁÌè¼½É•¥ÍÑÉä¹¹Áµ©Ì¹½Éœ½ÑåÁ•Ì½¹½‘”¼´½¹½‘”´ÈÈ¸Ää¸Ää¹Ñèˆ°(€€€€€€‰¥¹Ñ•É¥Ñäˆè€‰Í¡„ÔÄÈµ‘å ½á<É Õ‰eÉ™]……ÅÉIEE­9‘µeÜÙµ…UÙe•U59Q]EÑÙˆÜäÙ¥­1‘µQ¡Iµ=±=¥%(ÅQa™]YàÅE­U±DÙ!•Üôôˆ°(€€€€€€‰‘•ØˆèÑÉÕ”°(€€€€€€‰±¥•¹Í”ˆè€‰5%Pˆ°(€€€€€€‰‘•Á•¹‘•¹¥•Ìˆèì(€€€€€€€€‰Õ¹‘¥¤µÑåÁ•Ìˆè€‰øØ¸ÈÄ¸Àˆ(€€€€€ô(€€€ô°(€€€€‰¹½‘•}µ½‘Õ±•Ì½ÑåÁ•Ì½É•…Ðˆèì(€€€€€€‰Ù•ÉÍ¥½¸ˆè€ˆÄä¸È¸ÄÐˆ°(€€€€€€‰É•Í½±Ù•ˆè€‰¡ÑÑÁÌè¼½É•¥ÍÑÉä¹¹Áµ©Ì¹½Éœ½ÑåÁ•Ì½É•…Ð¼´½É•…Ð´Ää¸È¸ÄÐ¹Ñèˆ°(€€€€€€‰¥¹Ñ•É¥Ñäˆè€‰Í¡„ÔÄÈµ¥±Q ½U¹¥­5‘Ñ•á­½8Á‰$ÝÁ5)ÙµEAÙÕAÙµ…e½9M™Q‘UM1½Y©…I)´Ü¬ÙAÙ4­ÄÅée=ÝLÑÝQe5åÜôôˆ°(€€€€€€‰‘•ØˆèÑÉÕ”°(€€€€€€‰±¥•¹Í”ˆè€‰5%Pˆ°(€€€€€€‰‘•Á•¹‘•¹¥•Ìˆèì(€€€€€€€€‰ÍÍÑåÁ”ˆè€‰xÌ¸È¸Èˆ(€€€€€ô(€€€ô°(€€€€‰¹½‘•}µ½‘Õ±•Ì½ÑåÁ•Ì½É•…Ðµ‘½´ˆèì(€€€€€€‰Ù•ÉÍ¥½¸ˆè€ˆÄä¸È¸Ìˆ°(€€€€€€‰É•Í½±Ù•ˆè€‰¡ÑÑÁÌè¼½É•¥ÍÑÉä¹¹Áµ©Ì¹½Éœ½ÑåÁ•Ì½É•…Ðµ‘½´¼´½É•…Ðµ‘½´´Ää¸È¸Ì¹Ñèˆ°(€€€€€€‰¥¹Ñ•É¥Ñäˆè€‰Í¡„ÔÄÈµ©ÀÉ0½•dÙ™¸­-YYE=Åe%Ñ‰ÁYd½eÁ”Õ5èÉÁ…å­M<áàÌÅ‰eiåÙM•eá!-Ùé!Õ•i©Œ­éå…LÕ	É	]å„È­­Dôôˆ°(€€€€€€‰‘•ØˆèÑÉÕ”°(€€€€€€‰±¥•¹Í”ˆè€‰5%Pˆ°(€€€€€€‰Á••É•Á•¹‘•¹¥•Ìˆèì(€€€€€€€€‰ÑåÁ•Ì½É•…Ðˆè€‰xÄä¸È¸Àˆ(€€€€€ô(€€€ô°(€€€€‰¹½‘•}µ½‘Õ±•Ì½‰…Í•±¥¹”µ‰É½ÝÍ•Èµµ…ÁÁ¥¹œˆèì(€€€€€€‰Ù•ÉÍ¥½¸ˆè€ˆÈ¸ÄÄ¸ÄÌˆ°(€€€€€€‰É•Í½±Ù•ˆè€‰¡ÑÑÁÌè¼½É•¥ÍÑÉä¹¹Áµ©Ì¹½Éœ½‰…Í•±¥¹”µ‰É½ÝÍ•Èµµ…ÁÁ¥¹œ¼´½‰…Í•±¥¹”µ‰É½ÝÍ•Èµµ…ÁÁ¥¹œ´È¸ÄÄ¸ÄÌ¹Ñèˆ°(€€€€€€‰¥¹Ñ•É¥Ñäˆè€‰Í¡„ÔÄÈµ¬å!9ÕUY5±ÅY©DåU!é™A©%Å¥‰]ÜÝ]ÅPÅ½PÝ0áYÝÙÍÈÁi™ÉÑ¥MA±µÕÁå9ÅÕ9=)!QÕ Ñ-e˜áÑÑ5Q]	QDôôˆ°(€€€€€€‰±¥•¹Í”ˆè€‰Á…¡”´È¸Àˆ°(€€€€€€‰‰¥¸ˆèì(€€€€€€€€‰‰…Í•±¥¹”µ‰É½ÝÍ•Èµµ…ÁÁ¥¹œˆè€‰‘¥ÍÐ½±¤¹©Ìˆ(€€€€€ô°(€€€€€€‰•¹¥¹•Ìˆèì(€€€€€€€€‰¹½‘”ˆè€ˆøôØ¸À¸Àˆ(€€€€€ô(€€€ô°(€€€€‰¹½‘•}µ½‘Õ±•Ì½…¹¥ÕÍ”µ±¥Ñ”ˆèì(€€€€€€‰Ù•ÉÍ¥½¸ˆè€ˆÄ¸À¸ÌÀÀÀÄàÀäˆ°(€€€€€€‰É•Í½±Ù•ˆè€‰¡ÑÑÁÌè¼½É•¥ÍÑÉä¹¹Áµ©Ì¹½Éœ½…¹¥ÕÍ”µ±¥Ñ”¼´½…¹¥ÕÍ”µ±¥Ñ”´Ä¸À¸ÌÀÀÀÄàÀä¹Ñèˆ°(€€€€€€‰¥¹Ñ•É¥Ñäˆè€‰Í¡„ÔÄÈµáá]YåÝ¬Ù„ÙÉ±¬­¡åµ•åå¸½YÅ™1áÕÁÙ¡ ½á¥dÕM(¼Äá­µ¤å¼Ù5¥<ÌÈÁUéåÁ=I!1ÑÙ Á$Ñ¤ÀÑÑU¡9!9Dôôˆ°(€€€€€€‰™Õ¹‘¥¹œˆèl(€€€€€€€ì(€€€€€€€€€€‰ÑåÁ”ˆè€‰½Á•¹½±±•Ñ¥Ù”ˆ°(€€€€€€€€€€‰ÕÉ°ˆè€‰¡ÑÑÁÌè¼½½Á•¹½±±•Ñ¥Ù”¹½´½‰É½ÝÍ•ÉÍ±¥ÍÐˆ(€€€€€€€ô°(€€€€€€€ì(€€€€€€€€€€‰ÑåÁ”ˆè€‰Ñ¥‘•±¥™Ðˆ°(€€€€€€€€€€‰ÕÉ°ˆè€‰¡ÑÑÁÌè¼½Ñ¥‘•±¥™Ð¹½´½™Õ¹‘¥¹œ½¥Ñ¡Õˆ½¹Á´½…¹¥ÕÍ”µ±¥Ñ”ˆ(€€€€€€€ô°(€€€€€€€ì(€€€€€€€€€€‰ÑåÁ”ˆè€‰¥Ñ¡Õˆˆ°(€€€€€€€€€€‰ÕÉ°ˆè€‰¡ÑÑÁÌè¼½¥Ñ¡Õˆ¹½´½ÍÁ½¹Í½ÉÌ½…¤ˆ(€€€€€€€ô(€€€€€t°(€€€€€€‰±¥•¹Í”ˆè€‰µ	d´Ð¸Àˆ(€€€ô°(€€€€‰¹½‘•}µ½‘Õ±•Ì½±¥•¹Ðµ½¹±äˆèì(€€€€€€‰Ù•ÉÍ¥½¸ˆè€ˆÀ¸À¸Äˆ°(€€€€€€‰É•Í½±Ù•ˆè€‰¡ÑÑÁÌè¼½É•¥ÍÑÉä¹¹Áµ©Ì¹½Éœ½±¥•¹Ðµ½¹±ä¼´½±¥•¹Ðµ½¹±ä´À¸À¸Ä¹Ñèˆ°(€€€€€€‰¥¹Ñ•É¥Ñäˆè€‰Í¡„ÔÄÈµ%XÍ=ÔÁ©M5éiÉÍÁhÐá¹1­PåÝœÅÁ¹Aé…¥E¡Á\ÝŒÍI‰ÅÅéÙééYÔ­0á™Å5À¼á%4É5EÑM¥Å…áÉÉ™Ôá$áÉ5ôôˆ°(€€€€€€‰±¥•¹Í”ˆè€‰5%Pˆ(€€€ô°(€€€€‰¹½‘•}µ½‘Õ±•Ì½ÍÍÑåÁ”ˆèì(€€€€€€‰Ù•ÉÍ¥½¸ˆè€ˆÌ¸È¸Ìˆ°(€€€€€€‰É•Í½±Ù•ˆè€‰¡ÑÑÁÌè¼½É•¥ÍÑÉä¹¹Áµ©Ì¹½Éœ½ÍÍÑåÁ”¼´½ÍÍÑåÁ”´Ì¸È¸Ì¹Ñèˆ°(€€€€€€‰¥¹Ñ•É¥Ñäˆè€‰Í¡„ÔÄÈµèÅ!-eäÉááE™ÝÉ¸ÁAä­AÝ`½M¨ÍUY)\åÅ-å¸ÐÍá]„­°Õ¹aµTÑÅÅ15Ié]Y1á-ÕÍU`áP¼Á­¥=eÁ%Dôôˆ°(€€€€€€‰‘•ØˆèÑÉÕ”°(€€€€€€‰±¥•¹Í”ˆè€‰5%Pˆ(€€€ô°(€€€€‰¹½‘•}µ½‘Õ±•Ì½‘•Ñ•Ðµ±¥‰Œˆèì(€€€€€€‰Ù•ÉÍ¥½¸ˆè€ˆÈ¸Ä¸Èˆ°(€€€€€€‰É•Í½±Ù•ˆè€‰¡ÑÑÁÌè¼½É•¥ÍÑÉä¹¹Áµ©Ì¹½Éœ½‘•Ñ•Ðµ±¥‰Œ¼´½‘•Ñ•Ðµ±¥‰Œ´È¸Ä¸È¹Ñèˆ°(€€€€€€‰¥¹Ñ•É¥Ñäˆè€‰Í¡„ÔÄÈµ	Ñ¨É	==<àÍ¼Í]å Ôå”á5aÍáEY…É­U=ÁeÉÕ‰ÁÕÉÝ¹8ÄÁåDÌØÑÉÍ¥	åTÄÅ¹i±Å]ei´ÀÕ¤½½˜Ý¥¼Ñµé¥¡	ÑDôôˆ°(€€€€€€‰±¥•¹Í”ˆè€‰Á…¡”´È¸Àˆ°(€€€€€€‰½ÁÑ¥½¹…°ˆèÑÉÕ”°(€€€€€€‰•¹¥¹•Ìˆèì(€€€€€€€€‰¹½‘”ˆè€ˆøôàˆ(€€€€€ô(€€€ô°(€€€€‰¹½‘•}µ½‘Õ±•Ì½¹…¹½¥ˆèì(€€€€€€‰Ù•ÉÍ¥½¸ˆè€ˆÌ¸Ì¸Äàˆ°(€€€€€€‰É•Í½±Ù•ˆè€‰¡ÑÑÁÌè¼½É•¥ÍÑÉä¹¹Áµ©Ì¹½Éœ½¹…¹½¥¼´½¹…¹½¥´Ì¸Ì¸Äà¹Ñèˆ°(€€€€€€‰¥¹Ñ•É¥Ñäˆè€‰Í¡„ÔÄÈµQœÑ5)‰5]­™¤ÙYi‘9ÐÈ½…5‰EäÑ=Ô­=À½¡)EÙ]¹Y™½ÅE­áéI-éÜå©Ø­Y==•eÈ½µ%ÕM‘ÕœÙØ­Üôôˆ°(€€€€€€‰™Õ¹‘¥¹œˆèl(€€€€€€€ì(€€€€€€€€€€‰ÑåÁ”ˆè€‰¥Ñ¡Õˆˆ°(€€€€€€€€€€‰ÕÉ°ˆè€‰¡ÑÑÁÌè¼½¥Ñ¡Õˆ¹½´½ÍÁ½¹Í½ÉÌ½…¤ˆ(€€€€€€€ô(€€€€€t°(€€€€€€‰±¥•¹Í”ˆè€‰5%Pˆ°(€€€€€€‰‰¥¸ˆèì(€€€€€€€€‰¹…¹½¥ˆè€‰‰¥¸½¹…¹½¥¹©Ìˆ(€€€€€ô°(€€€€€€‰•¹¥¹•Ìˆèì(€€€€€€€€‰¹½‘”ˆè€‰xÄÀñðxÄÈñðxÄÌ¸ÜñðxÄÐñð€øôÄÔ¸À¸Äˆ(€€€€€ô(€€€ô°(€€€€‰¹½‘•}µ½‘Õ±•Ì½¹•áÐˆèì(€€€€€€‰Ù•ÉÍ¥½¸ˆè€ˆÄØ¸Ì¸Àˆ°(€€€€€€‰É•Í½±Ù•ˆè€‰¡ÑÑÁÌè¼½É•¥ÍÑÉä¹¹Áµ©Ì¹½Éœ½¹•áÐ¼´½¹•áÐ´ÄØ¸Ì¸À¹Ñèˆ°(€€€€€€‰¥¹Ñ•É¥Ñäˆè€‰Í¡„ÔÄÈµ9‘=é ¬Àá•Qa5UÀåUe­äå9¡¤Õ8ÙQ¡É¡ŒÅ©=E™¹,½‘É¡IÝ	Áa•À­•á‘EÉ¹Ý±I˜¼Í]¥áåÀá±1	UÁÉôôˆ°(€€€€€€‰±¥•¹Í”ˆè€‰5%Pˆ°(€€€€€€‰‘•Á•¹‘•¹¥•Ìˆèì(€€€€€€€€‰¹•áÐ½•¹Øˆè€ˆÄØ¸Ì¸Àˆ°(€€€€€€€€‰ÍÝŒ½¡•±Á•ÉÌˆè€ˆÀ¸Ô¸ÄÔˆ°(€€€€€€€€‰‰…Í•±¥¹”µ‰É½ÝÍ•Èµµ…ÁÁ¥¹œˆè€‰xÈ¸ä¸Ääˆ°(€€€€€€€€‰…¹¥ÕÍ”µ±¥Ñ”ˆè€‰xÄ¸À¸ÌÀÀÀÄÔÜäˆ°(€€€€€€€€‰Á½ÍÑÍÌˆè€ˆà¸Ô¸ÈÌˆ°(€€€€€€€€‰ÍÑå±•µ©Íàˆè€ˆÔ¸Ä¸Øˆ(€€€€€ô°(€€€€€€‰‰¥¸ˆèì(€€€€€€€€‰¹•áÐˆè€‰‘¥ÍÐ½‰¥¸½¹•áÐˆ(€€€€€ô°(€€€€€€‰•¹¥¹•Ìˆèì(€€€€€€€€‰¹½‘”ˆè€ˆøôÈÀ¸ä¸Àˆ(€€€€€ô°(€€€€€€‰½ÁÑ¥½¹…±•Á•¹‘•¹¥•Ìˆèì(€€€€€€€€‰¹•áÐ½ÍÝŒµ‘…ÉÝ¥¸µ…É´ØÐˆè€ˆÄØ¸Ì¸Àˆ°(€€€€€€€€‰¹•áÐ½ÍÝŒµ‘…ÉÝ¥¸µàØÐˆè€ˆÄØ¸Ì¸Àˆ°(€€€€€€€€‰¹•áÐ½ÍÝŒµ±¥¹Õàµ…É´ØÐµ¹Ôˆè€ˆÄØ¸Ì¸Àˆ°(€€€€€€€€‰¹•áÐ½ÍÝŒµ±¥¹Õàµ…É´ØÐµµÕÍ°ˆè€ˆÄØ¸Ì¸Àˆ°(€€€€€€€€‰¹•áÐ½ÍÝŒµ±¥¹ÕàµàØÐµ¹Ôˆè€ˆÄØ¸Ì¸Àˆ°(€€€€€€€€‰¹•áÐ½ÍÝŒµ±¥¹ÕàµàØÐµµÕÍ°ˆè€ˆÄØ¸Ì¸Àˆ°(€€€€€€€€‰¹•áÐ½ÍÝŒµÝ¥¸ÌÈµ…É´ØÐµµÍÙŒˆè€ˆÄØ¸Ì¸Àˆ°(€€€€€€€€‰¹•áÐ½ÍÝŒµÝ¥¸ÌÈµàØÐµµÍÙŒˆè€ˆÄØ¸Ì¸Àˆ°(€€€€€€€€‰Í¡…ÉÀˆè€‰xÀ¸ÌÔ¸Ìˆ(€€€€€ô°(€€€€€€‰Á••É•Á•¹‘•¹¥•Ìˆèì(€€€€€€€€‰½Á•¹Ñ•±•µ•ÑÉä½…Á¤ˆè€‰xÄ¸Ä¸Àˆ°(€€€€€€€€‰Á±…åÝÉ¥¡Ð½Ñ•ÍÐˆè€‰xÄ¸ÔÄ¸Äˆ°(€€€€€€€€‰‰…‰•°µÁ±Õ¥¸µÉ•…Ðµ½µÁ¥±•Èˆè€ˆ¨ˆ°(€€€€€€€€‰É•…Ðˆè€‰xÄà¸È¸Àñð€Ää¸À¸ÀµÉŒµ‘”ØáÉ˜Ð´ÈÀÈÐÄÈÀÐñðxÄä¸À¸Àˆ°(€€€€€€€€‰É•…Ðµ‘½´ˆè€‰xÄà¸È¸Àñð€Ää¸À¸ÀµÉŒµ‘”ØáÉ˜Ð´ÈÀÈÐÄÈÀÐñðxÄä¸À¸Àˆ°(€€€€€€€€‰Í…ÍÌˆè€‰xÄ¸Ì¸Àˆ(€€€€€ô°(€€€€€€‰Á••É•Á•¹‘•¹¥•Í5•Ñ„ˆèì(€€€€€€€€‰½Á•¹Ñ•±•µ•ÑÉä½…Á¤ˆèì(€€€€€€€€€€‰½ÁÑ¥½¹…°ˆèÑÉÕ”(€€€€€€€ô°(€€€€€€€€‰Á±…åÝÉ¥¡Ð½Ñ•ÍÐˆèì(€€€€€€€€€€‰½ÁÑ¥½¹…°ˆèÑÉÕ”(€€€€€€€ô°(€€€€€€€€‰‰…‰•°µÁ±Õ¥¸µÉ•…Ðµ½µÁ¥±•Èˆèì(€€€€€€€€€€‰½ÁÑ¥½¹…°ˆèÑÉÕ”(€€€€€€€ô°(€€€€€€€€‰Í…ÍÌˆèì(€€€€€€€€€€‰½ÁÑ¥½¹…°ˆèÑÉÕ”(€€€€€€€ô(€€€€€ô(€€€ô°(€€€€‰¹½‘•}µ½‘Õ±•Ì½Á¥½½±½ÉÌˆèì(€€€€€€‰Ù•ÉÍ¥½¸ˆè€ˆÄ¸Ä¸Äˆ°(€€€€€€‰É•Í½±Ù•ˆè€‰¡ÑÑÁÌè¼½É•¥ÍÑÉä¹¹Áµ©Ì¹½Éœ½Á¥½½±½ÉÌ¼´½Á¥½½±½ÉÌ´Ä¸Ä¸Ä¹Ñèˆ°(€€€€€€‰¥¹Ñ•É¥Ñäˆè€‰Í¡„ÔÄÈµá• ÉÍ¹¡ÑˆÕ4å±¥ÅÍµÜÔÙ±”ÌÜÙµQi­`½©ˆ½Iá9å•9Õ°Ý•9Í±a@å¨½1ÔÁ`á-å5•@É¹ÑÁ…!ÉYôôˆ°(€€€€€€‰±¥•¹Í”ˆè€‰%Mˆ(€€€ô°(€€€€‰¹½‘•}µ½‘Õ±•Ì½Á½ÍÑÍÌˆèì(€€€€€€‰Ù•ÉÍ¥½¸ˆè€ˆà¸Ô¸ÈÌˆ°(€€€€€€‰É•Í½±Ù•ˆè€‰¡ÑÑÁÌè¼½É•¥ÍÑÉä¹¹Áµ©Ì¹½Éœ½Á½ÍÑÍÌ¼´½Á½ÍÑÍÌ´à¸Ô¸ÈÌ¹Ñèˆ°(€€€€€€‰¥¹Ñ•É¥Ñäˆè€‰Í¡„ÔÄÈµœÔÀÔàÙéÈÑ‰iµÝ¥Q±™±5ÔáÁ‰QˆÕ$Õ•ÉÑÝ-µÍ‘U±QE%¡iÑÕ¹éU±Å]MéÝY]A½YÁÍÉÙÙ±™Ý½aÙIÝœôôˆ°(€€€€€€‰™Õ¹‘¥¹œˆèl(€€€€€€€ì(€€€€€€€€€€‰ÑåÁ”ˆè€‰½Á•¹½±±•Ñ¥Ù”ˆ°(€€€€€€€€€€‰ÕÉ°ˆè€‰¡ÑÑÁÌè¼½½Á•¹½±±•Ñ¥Ù”¹½´½Á½ÍÑÍÌ¼ˆ(€€€€€€€ô°(€€€€€€€ì(€€€€€€€€€€‰ÑåÁ”ˆè€‰Ñ¥‘•±¥™Ðˆ°(€€€€€€€€€€‰ÕÉ°ˆè€‰¡ÑÑÁÌè¼½Ñ¥‘•±¥™Ð¹½´½™Õ¹‘¥¹œ½¥Ñ¡Õˆ½¹Á´½Á½ÍÑÍÌˆ(€€€€€€€ô°(€€€€€€€ì(€€€€€€€€€€‰ÑåÁ”ˆè€‰¥Ñ¡Õˆˆ°(€€€€€€€€€€‰ÕÉ°ˆè€‰¡ÑÑÁÌè¼½¥Ñ¡Õˆ¹½´½ÍÁ½¹Í½ÉÌ½…¤ˆ(€€€€€€€ô(€€€€€t°(€€€€€€‰±¥•¹Í”ˆè€‰5%Pˆ°(€€€€€€‰‘•Á•¹‘•¹¥•Ìˆèì(€€€€€€€€‰¹…¹½¥ˆè€‰xÌ¸Ì¸ÄØˆ°(€€€€€€€€‰Á¥½½±½ÉÌˆè€‰xÄ¸Ä¸Äˆ°(€€€€€€€€‰Í½ÕÉ”µµ…Àµ©Ìˆè€‰xÄ¸È¸Äˆ(€€€€€ô°(€€€€€€‰•¹¥¹•Ìˆèì(€€€€€€€€‰¹½‘”ˆè€‰xÄÀñðxÄÈñð€øôÄÐˆ(€€€€€ô(€€€ô°(€€€€‰¹½‘•}µ½‘Õ±•Ì½É•…Ðˆèì(€€€€€€‰Ù•ÉÍ¥½¸ˆè€ˆÄä¸È¸Øˆ°(€€€€€€‰É•Í½±Ù•ˆè€‰¡ÑÑÁÌè¼½É•¥ÍÑÉä¹¹Áµ©Ì¹½Éœ½É•…Ð¼´½É•…Ð´Ää¸È¸Ø¹Ñèˆ°(€€€€€€‰¥¹Ñ•É¥Ñäˆè€‰Í¡„ÔÄÈµÍ™]™…Ù¤ÁáÈáAœÁÍYÍå!5=é¥Ye-A19ÉLÝ¥œ­¥Ù59ˆÍÝ‰	ÜÍ-áÑ™±Í	ÝÍeE±½iÍQ1Q½IÉM©ˆÁDôôˆ°(€€€€€€‰±¥•¹Í”ˆè€‰5%Pˆ°(€€€€€€‰•¹¥¹•Ìˆèì(€€€€€€€€‰¹½‘”ˆè€ˆøôÀ¸ÄÀ¸Àˆ(€€€€€ô(€€€ô°(€€€€‰¹½‘•}µ½‘Õ±•Ì½É•…Ðµ‘½´ˆèì(€€€€€€‰Ù•ÉÍ¥½¸ˆè€ˆÄä¸È¸Øˆ°(€€€€€€‰É•Í½±Ù•ˆè€‰¡ÑÑÁÌè¼½É•¥ÍÑÉä¹¹Áµ©Ì¹½Éœ½É•…Ðµ‘½´¼´½É•…Ðµ‘½´´Ää¸È¸Ø¹Ñèˆ°(€€€€€€‰¥¹Ñ•É¥Ñäˆè€‰Í¡„ÔÄÈ´ÁÁÉ5$­¡Ù	‰A©Í]¹á1á±å4áA8ÙUÕ]©Ueµi¡<ØÝá%Xåa…Í„½È½Ù¹Ä­aåÄÑ1¼ÈÝœáEM‰<ÕeéIÔÁÅMÁÌÍœôôˆ°(€€€€€€‰±¥•¹Í”ˆè€‰5%Pˆ°(€€€€€€‰‘•Á•¹‘•¹¥•Ìˆèì(€€€€€€€€‰Í¡•‘Õ±•Èˆè€‰xÀ¸ÈÜ¸Àˆ(€€€€€ô°(€€€€€€‰Á••É•Á•¹‘•¹¥•Ìˆèì(€€€€€€€€‰É•…Ðˆè€‰xÄä¸È¸Øˆ(€€€€€ô(€€€ô°(€€€€‰¹½‘•}µ½‘Õ±•Ì½Í¡•‘Õ±•Èˆèì(€€€€€€‰Ù•ÉÍ¥½¸ˆè€ˆÀ¸ÈÜ¸Àˆ°(€€€€€€‰É•Í½±Ù•ˆè€‰¡ÑÑÁÌè¼½É•¥ÍÑÉä¹¹Áµ©Ì¹½Éœ½Í¡•‘Õ±•È¼´½Í¡•‘Õ±•È´À¸ÈÜ¸À¹Ñèˆ°(€€€€€€‰¥¹Ñ•É¥Ñäˆè€‰Í¡„ÔÄÈµ•9Ø­]ÉY‰-ÔÅ˜ÍÙ‰e)P½áÑ¥ÕÍåÕ!A%5Ñ˜å%d½¹-œÁÍ]ÅéUÙÅd½á´Ý=iŒ½Å…™1à½¥<å=µ•MÀÑØÕÑ¤½Dôôˆ°(€€€€€€‰±¥•¹Í”ˆè€‰5%Pˆ(€€€ô°(€€€€‰¹½‘•}µ½‘Õ±•Ì½Í•µÙ•Èˆèì(€€€€€€‰Ù•ÉÍ¥½¸ˆè€ˆÜ¸à¸Ôˆ°(€€€€€€‰É•Í½±Ù•ˆè€‰¡ÑÑÁÌè¼½É•¥ÍÑÉä¹¹Áµ©Ì¹½Éœ½Í•µÙ•È¼´½Í•µÙ•È´Ü¸à¸Ô¹Ñèˆ°(€€€€€€‰¥¹Ñ•É¥Ñäˆè€‰Í¡„ÔÄÈµdÜ½-Íˆá1©½½iÁÝ…ÅåÕ±<ÙE±­Í¹¡!¬­Íi%dÑM	ÙU½5	 ÕUÈÅ™$Ñ‘X­)Ù°ÁÜÙ©ÙÕ…%¤ÐÁÁÕI¥½ôôˆ°(€€€€€€‰±¥•¹Í”ˆè€‰%Mˆ°(€€€€€€‰½ÁÑ¥½¹…°ˆèÑÉÕ”°(€€€€€€‰‰¥¸ˆèì(€€€€€€€€‰Í•µÙ•Èˆè€‰‰¥¸½Í•µÙ•È¹©Ìˆ(€€€€€ô°(€€€€€€‰•¹¥¹•Ìˆèì(€€€€€€€€‰¹½‘”ˆè€ˆøôÄÀˆ(€€€€€ô(€€€ô°(€€€€‰¹½‘•}µ½‘Õ±•Ì½Í¡…ÉÀˆèì(€€€€€€‰Ù•ÉÍ¥½¸ˆè€ˆÀ¸ÌÔ¸Ìˆ°(€€€€€€‰É•Í½±Ù•ˆè€‰¡ÑÑÁÌè¼½É•¥ÍÑÉä¹¹Áµ©Ì¹½Éœ½Í¡…ÉÀ¼´½Í¡…ÉÀ´À¸ÌÔ¸Ì¹Ñèˆ°(€€€€€€‰¥¹Ñ•É¥Ñäˆè€‰Í¡„ÔÄÈµ•¨ÁéY!Õi!¥	a9á•e¡ÁI¹A9AÙ‰áI5‘	¡á1-­IYMÁ,Í%åÔÝÅ‰ÅÜÍ)5é½¨ÁI•4Ù˜ÍÑ)1ÑYÝ°ÀÀÈÍDôôˆ°(€€€€€€‰±¥•¹Í”ˆè€‰Á…¡”´È¸Àˆ°(€€€€€€‰½ÁÑ¥½¹…°ˆèÑÉÕ”°(€€€€€€‰‘•Á•¹‘•¹¥•Ìˆèì(€€€€€€€€‰¥µœ½½±½ÕÈˆè€‰xÄ¸Ä¸Àˆ°(€€€€€€€€‰‘•Ñ•Ðµ±¥‰Œˆè€‰xÈ¸Ä¸Èˆ°(€€€€€€€€‰Í•µÙ•Èˆè€‰xÜ¸à¸Ôˆ(€€€€€ô°(€€€€€€‰•¹¥¹•Ìˆèì(€€€€€€€€‰¹½‘”ˆè€ˆøôÈÀ¸ä¸Àˆ(€€€€€ô°(€€€€€€‰™Õ¹‘¥¹œˆèì(€€€€€€€€‰ÕÉ°ˆè€‰¡ÑÑÁÌè¼½½Á•¹½±±•Ñ¥Ù”¹½´½±¥‰Ù¥ÁÌˆ(€€€€€ô°(€€€€€€‰½ÁÑ¥½¹…±•Á•¹‘•¹¥•Ìˆèì(€€€€€€€€‰¥µœ½Í¡…ÉÀµ‘…ÉÝ¥¸µ…É´ØÐˆè€ˆÀ¸ÌÔ¸Ìˆ°(€€€€€€€€‰¥µœ½Í¡…ÉÀµ‘…ÉÝ¥¸µàØÐˆè€ˆÀ¸ÌÔ¸Ìˆ°(€€€€€€€€‰¥µœ½Í¡…ÉÀµ™É••‰ÍµÝ…Í´ÌÈˆè€ˆÀ¸ÌÔ¸Ìˆ°(€€€€€€€€‰¥µœ½Í¡…ÉÀµ±¥‰Ù¥ÁÌµ‘…ÉÝ¥¸µ…É´ØÐˆè€ˆÄ¸Ì¸Èˆ°(€€€€€€€€‰¥µœ½Í¡…ÉÀµ±¥‰Ù¥ÁÌµ‘…ÉÝ¥¸µàØÐˆè€ˆÄ¸Ì¸Èˆ°(€€€€€€€€‰¥µœ½Í¡…ÉÀµ±¥‰Ù¥ÁÌµ±¥¹Õàµ…É´ˆè€ˆÄ¸Ì¸Èˆ°(€€€€€€€€‰¥µœ½Í¡…ÉÀµ±¥‰Ù¥ÁÌµ±¥¹Õàµ…É´ØÐˆè€ˆÄ¸Ì¸Èˆ°(€€€€€€€€‰¥µœ½Í¡…ÉÀµ±¥‰Ù¥ÁÌµ±¥¹ÕàµÁÁŒØÐˆè€ˆÄ¸Ì¸Èˆ°(€€€€€€€€‰¥µœ½Í¡…ÉÀµ±¥‰Ù¥ÁÌµ±¥¹ÕàµÉ¥ÍØØÐˆè€ˆÄ¸Ì¸Èˆ°(€€€€€€€€‰¥µœ½Í¡…ÉÀµ±¥‰Ù¥ÁÌµ±¥¹ÕàµÌÌäÁàˆè€ˆÄ¸Ì¸Èˆ°(€€€€€€€€‰¥µœ½Í¡…ÉÀµ±¥‰Ù¥ÁÌµ±¥¹ÕàµàØÐˆè€ˆÄ¸Ì¸Èˆ°(€€€€€€€€‰¥µœ½Í¡…ÉÀµ±¥‰Ù¥ÁÌµ±¥¹ÕáµÕÍ°µ…É´ØÐˆè€ˆÄ¸Ì¸Èˆ°(€€€€€€€€‰¥µœ½Í¡…ÉÀµ±¥‰Ù¥ÁÌµ±¥¹ÕáµÕÍ°µàØÐˆè€ˆÄ¸Ì¸Èˆ°(€€€€€€€€‰¥µœ½Í¡…ÉÀµ±¥¹Õàµ…É´ˆè€ˆÀ¸ÌÔ¸Ìˆ°(€€€€€€€€‰¥µœ½Í¡…ÉÀµ±¥¹Õàµ…É´ØÐˆè€ˆÀ¸ÌÔ¸Ìˆ°(€€€€€€€€‰¥µœ½Í¡…ÉÀµ±¥¹ÕàµÁÁŒØÐˆè€ˆÀ¸ÌÔ¸Ìˆ°(€€€€€€€€‰¥µœ½Í¡…ÉÀµ±¥¹ÕàµÉ¥ÍØØÐˆè€ˆÀ¸ÌÔ¸Ìˆ°(€€€€€€€€‰¥µœ½Í¡…ÉÀµ±¥¹ÕàµÌÌäÁàˆè€ˆÀ¸ÌÔ¸Ìˆ°(€€€€€€€€‰¥µœ½Í¡…ÉÀµ±¥¹ÕàµàØÐˆè€ˆÀ¸ÌÔ¸Ìˆ°(€€€€€€€€‰¥µœ½Í¡…ÉÀµ±¥¹ÕáµÕÍ°µ…É´ØÐˆè€ˆÀ¸ÌÔ¸Ìˆ°(€€€€€€€€‰¥µœ½Í¡…ÉÀµ±¥¹ÕáµÕÍ°µàØÐˆè€ˆÀ¸ÌÔ¸Ìˆ°(€€€€€€€€‰¥µœ½Í¡…ÉÀµÝ•‰½¹Ñ…¥¹•ÉÌµÝ…Í´ÌÈˆè€ˆÀ¸ÌÔ¸Ìˆ°(€€€€€€€€‰¥µœ½Í¡…ÉÀµÝ¥¸ÌÈµ…É´ØÐˆè€ˆÀ¸ÌÔ¸Ìˆ°(€€€€€€€€‰¥µœ½Í¡…ÉÀµÝ¥¸ÌÈµ¥„ÌÈˆè€ˆÀ¸ÌÔ¸Ìˆ°(€€€€€€€€‰¥µœ½Í¡…ÉÀµÝ¥¸ÌÈµàØÐˆè€ˆÀ¸ÌÔ¸Ìˆ(€€€€€ô°(€€€€€€‰Á••É•Á•¹‘•¹¥•Í5•Ñ„ˆèì(€€€€€€€€‰ÑåÁ•Ì½¹½‘”ˆèì(€€€€€€€€€€‰½ÁÑ¥½¹…°ˆèÑÉÕ”(€€€€€€€ô(€€€€€ô(€€€ô°(€€€€‰¹½‘•}µ½‘Õ±•Ì½Í½ÕÉ”µµ…Àµ©Ìˆèì(€€€€€€‰Ù•ÉÍ¥½¸ˆè€ˆÄ¸È¸Äˆ°(€€€€€€‰É•Í½±Ù•ˆè€‰¡ÑÑÁÌè¼½É•¥ÍÑÉä¹¹Áµ©Ì¹½Éœ½Í½ÕÉ”µµ…Àµ©Ì¼´½Í½ÕÉ”µµ…Àµ©Ì´Ä¸È¸Ä¹Ñèˆ°(€€€€€€‰¥¹Ñ•É¥Ñäˆè€‰Í¡„ÔÄÈµUa]5-¡1=ÝY-ˆÜÈá%UÑEAaá™eT­ÕÍ‘å‰ÑUÉ,¼áÕáE5ÙÉ¡=ÁÝÙé	Ý¨ÁE¡M0Ý5EŒÝÙ%Í%M	áYDà­%EáÁ™Eôôˆ°(€€€€€€‰±¥•¹Í”ˆè€‰	M´Ìµ±…ÕÍ”ˆ°(€€€€€€‰•¹¥¹•Ìˆèì(€€€€€€€€‰¹½‘”ˆè€ˆøôÀ¸ÄÀ¸Àˆ(€€€€€ô(€€€ô°(€€€€‰¹½‘•}µ½‘Õ±•Ì½ÍÑå±•µ©Íàˆèì(€€€€€€‰Ù•ÉÍ¥½¸ˆè€ˆÔ¸Ä¸Øˆ°(€€€€€€‰É•Í½±Ù•ˆè€‰¡ÑÑÁÌè¼½É•¥ÍÑÉä¹¹Áµ©Ì¹½Éœ½ÍÑå±•µ©Íà¼´½ÍÑå±•µ©Íà´Ô¸Ä¸Ø¹Ñèˆ°(€€€€€€‰¥¹Ñ•É¥Ñäˆè€‰Í¡„ÔÄÈµÅMYåQ•5½Ñ‘ÙEe½!]19ÝI)!­¤­iÙ‘	Ie½Í=­]œÅÙàÑ™É8È½I½9ÝMeÅÅÙ-91˜Ìå@É1MIÉÁÔÙ¸Áaeiôôˆ°(€€€€€€‰±¥•¹Í”ˆè€‰5%Pˆ°(€€€€€€‰‘•Á•¹‘•¹¥•Ìˆèì(€€€€€€€€‰±¥•¹Ðµ½¹±äˆè€ˆÀ¸À¸Äˆ(€€€€€ô°(€€€€€€‰•¹¥¹•Ìˆèì(€€€€€€€€‰¹½‘”ˆè€ˆøô€ÄÈ¸À¸Àˆ(€€€€€ô°(€€€€€€‰Á••É•Á•¹‘•¹¥•Ìˆèì(€€€€€€€€‰É•…Ðˆè€ˆøô€ÄØ¸à¸Àñð€ÄÜ¹à¹àñðxÄà¸À¸À´ÀñðxÄä¸À¸À´Àˆ(€€€€€ô°(€€€€€€‰Á••É•Á•¹‘•¹¥•Í5•Ñ„ˆèì(€€€€€€€€‰‰…‰•°½½É”ˆèì(€€€€€€€€€€‰½ÁÑ¥½¹…°ˆèÑÉÕ”(€€€€€€€ô°(€€€€€€€€‰‰…‰•°µÁ±Õ¥¸µµ…É½Ìˆèì(€€€€€€€€€€‰½ÁÑ¥½¹…°ˆèÑÉÕ”(€€€€€€€ô(€€€€€ô(€€€ô°(€€€€‰¹½‘•}µ½‘Õ±•Ì½ÑÍ±¥ˆˆèì(€€€€€€‰Ù•ÉÍ¥½¸ˆè€ˆÈ¸à¸Äˆ°(€€€€€€‰É•Í½±Ù•ˆè€‰¡ÑÑÁÌè¼½É•¥ÍÑÉä¹¹Áµ©Ì¹½Éœ½ÑÍ±¥ˆ¼´½ÑÍ±¥ˆ´È¸à¸Ä¹Ñèˆ°(€€€€€€‰¥¹Ñ•É¥Ñäˆè€‰Í¡„ÔÄÈµ½)ÔäÑ!Eˆ­-Y‘ÕMUE0ÝÝ¹ÁµÅ¹™µ1Í=½¹ ÙˆÙ ÁÝ½,À½µA•aTÙŒÍÝ-XàÍ5­=Õ!AI!ÑMa--Täå%	…éL¼ÉÜôôˆ°(€€€€€€‰±¥•¹Í”ˆè€ˆÁ	Mˆ(€€€ô°(€€€€‰¹½‘•}µ½‘Õ±•Ì½ÑåÁ•ÍÉ¥ÁÐˆèì(€€€€€€‰Ù•ÉÍ¥½¸ˆè€ˆÔ¸ä¸Ìˆ°(€€€€€€‰É•Í½±Ù•ˆè€‰¡ÑÑÁÌè¼½É•¥ÍÑÉä¹¹Áµ©Ì¹½Éœ½ÑåÁ•ÍÉ¥ÁÐ¼´½ÑåÁ•ÍÉ¥ÁÐ´Ô¸ä¸Ì¹Ñèˆ°(€€€€€€‰¥¹Ñ•É¥Ñäˆè€‰Í¡„ÔÄÈµ©°ÅÙiéA¥¹1Èå•UÐÍ(½ÐÝXÙ9ÜåE©Ù	A‘åÍèå-™EÐÅ™EÉÉdÑÙ-E‘¥…UÁPÑ‰a±ˆÅI!¡1ÁÀáÝÑ´Ù4ÕQMÜôôˆ°(€€€€€€‰‘•ØˆèÑÉÕ”°(€€€€€€‰±¥•¹Í”ˆè€‰Á…¡”´È¸Àˆ°(€€€€€€‰‰¥¸ˆèì(€€€€€€€€‰ÑÍŒˆè€‰‰¥¸½ÑÍŒˆ°(€€€€€€€€‰ÑÍÍ•ÉÙ•Èˆè€‰‰¥¸½ÑÍÍ•ÉÙ•Èˆ(€€€€€ô°(€€€€€€‰•¹¥¹•Ìˆèì(€€€€€€€€‰¹½‘”ˆè€ˆøôÄÐ¸ÄÜˆ(€€€€€ô(€€€ô°(€€€€‰¹½‘•}µ½‘Õ±•Ì½Õ¹‘¥¤µÑåÁ•Ìˆèì(€€€€€€‰Ù•ÉÍ¥½¸ˆè€ˆØ¸ÈÄ¸Àˆ°(€€€€€€‰É•Í½±Ù•ˆè€‰¡ÑÑÁÌè¼½É•¥ÍÑÉä¹¹Áµ©Ì¹½Éœ½Õ¹‘¥¤µÑåÁ•Ì¼´½Õ¹‘¥¤µÑåÁ•Ì´Ø¸ÈÄ¸À¹Ñèˆ°(€€€€€€‰¥¹Ñ•É¥Ñäˆè€‰Í¡„ÔÄÈµ¥ÝiÅœÁEÉœåI…ØÕ Ñ¸Á4ØÑŒÍµ­HÔå(ÙÝEÀ¬ÝÑ¹$ÁÍµá…•‘…e19<ÐÑ•PÑÑ		Ý©‰Q¥A5±ÐÉ5ÁPå å)Dôôˆ°(€€€€€€‰‘•ØˆèÑÉÕ”°(€€€€€€‰±¥•¹Í”ˆè€‰5%Pˆ(€€€ô(€ô)ô